
Microsoft Visual Studio Solution File, Format Version 12.00
# Visual Studio Version 17
VisualStudioVersion = 17.9.34728.123
MinimumVisualStudioVersion = 10.0.40219.1
Project("{FAE04EC0-301F-11D3-BF4B-00C04F79EFBC}") = "CropSQL", "CropSQL.csproj", "{0CFAD8D7-BF0B-491A-8BA8-9E3E0A8614FD}"
EndProject
Global
	GlobalSection(SolutionConfigurationPlatforms) = preSolution
		Debug|Any CPU = Debug|Any CPU
		Release|Any CPU = Release|Any CPU
	EndGlobalSection
	GlobalSection(ProjectConfigurationPlatforms) = postSolution
		{0CFAD8D7-BF0B-491A-8BA8-9E3E0A8614FD}.Debug|Any CPU.ActiveCfg = Debug|Any CPU
		{0CFAD8D7-BF0B-491A-8BA8-9E3E0A8614FD}.Debug|Any CPU.Build.0 = Debug|Any CPU
		{0CFAD8D7-BF0B-491A-8BA8-9E3E0A8614FD}.Release|Any CPU.ActiveCfg = Release|Any CPU
		{0CFAD8D7-BF0B-491A-8BA8-9E3E0A8614FD}.Release|Any CPU.Build.0 = Release|Any CPU
	EndGlobalSection
	GlobalSection(SolutionProperties) = preSolution
		HideSolutionNode = FALSE
	EndGlobalSection
	GlobalSection(ExtensibilityGlobals) = postSolution
		SolutionGuid = {B5B2720E-D536-4E8B-91BC-205B58A39BEA}
	EndGlobalSection
EndGlobal
